
Microsoft Visual Studio Solution File, Format Version 12.00
# Visual Studio Version 16
VisualStudioVersion = 16.0.30011.22
MinimumVisualStudioVersion = 10.0.40219.1
Project("{9A19103F-16F7-4668-BE54-9A1E7A4F7556}") = "WinningGroup.API", "TechnicalTest.API\WinningGroup.API.csproj", "{2392DBBB-F0F7-4FCD-B6E2-D8FBFF0CF6F7}"
EndProject
Project("{9A19103F-16F7-4668-BE54-9A1E7A4F7556}") = "WinningGroup.API.DBContexts", "Technicaltest.DBContexts\WinningGroup.API.DBContexts.csproj", "{4FF4B3D2-3DDD-4E96-BA63-33CD4E0A868E}"
EndProject
Project("{9A19103F-16F7-4668-BE54-9A1E7A4F7556}") = "WinningGroup.API.Models", "TechnicalTest.Models\WinningGroup.API.Models.csproj", "{F8E5A9C4-8ED4-4C67-921D-F68DEE7D6834}"
EndProject
Project("{9A19103F-16F7-4668-BE54-9A1E7A4F7556}") = "WinningGroup.API.Services", "TechnicalTest.Services\WinningGroup.API.Services.csproj", "{870A875D-E66E-4D48-98FE-62E5C60876AF}"
EndProject
Project("{9A19103F-16F7-4668-BE54-9A1E7A4F7556}") = "WinningGroup.API.Entities", "TechTest.Entities\WinningGroup.API.Entities.csproj", "{F9D052EB-2E08-46CF-A112-3AE18EAD0100}"
EndProject
Global
	GlobalSection(SolutionConfigurationPlatforms) = preSolution
		Debug|Any CPU = Debug|Any CPU
		Release|Any CPU = Release|Any CPU
	EndGlobalSection
	GlobalSection(ProjectConfigurationPlatforms) = postSolution
		{2392DBBB-F0F7-4FCD-B6E2-D8FBFF0CF6F7}.Debug|Any CPU.ActiveCfg = Debug|Any CPU
		{2392DBBB-F0F7-4FCD-B6E2-D8FBFF0CF6F7}.Debug|Any CPU.Build.0 = Debug|Any CPU
		{2392DBBB-F0F7-4FCD-B6E2-D8FBFF0CF6F7}.Release|Any CPU.ActiveCfg = Release|Any CPU
		{2392DBBB-F0F7-4FCD-B6E2-D8FBFF0CF6F7}.Release|Any CPU.Build.0 = Release|Any CPU
		{4FF4B3D2-3DDD-4E96-BA63-33CD4E0A868E}.Debug|Any CPU.ActiveCfg = Debug|Any CPU
		{4FF4B3D2-3DDD-4E96-BA63-33CD4E0A868E}.Debug|Any CPU.Build.0 = Debug|Any CPU
		{4FF4B3D2-3DDD-4E96-BA63-33CD4E0A868E}.Release|Any CPU.ActiveCfg = Release|Any CPU
		{4FF4B3D2-3DDD-4E96-BA63-33CD4E0A868E}.Release|Any CPU.Build.0 = Release|Any CPU
		{F8E5A9C4-8ED4-4C67-921D-F68DEE7D6834}.Debug|Any CPU.ActiveCfg = Debug|Any CPU
		{F8E5A9C4-8ED4-4C67-921D-F68DEE7D6834}.Debug|Any CPU.Build.0 = Debug|Any CPU
		{F8E5A9C4-8ED4-4C67-921D-F68DEE7D6834}.Release|Any CPU.ActiveCfg = Release|Any CPU
		{F8E5A9C4-8ED4-4C67-921D-F68DEE7D6834}.Release|Any CPU.Build.0 = Release|Any CPU
		{870A875D-E66E-4D48-98FE-62E5C60876AF}.Debug|Any CPU.ActiveCfg = Debug|Any CPU
		{870A875D-E66E-4D48-98FE-62E5C60876AF}.Debug|Any CPU.Build.0 = Debug|Any CPU
		{870A875D-E66E-4D48-98FE-62E5C60876AF}.Release|Any CPU.ActiveCfg = Release|Any CPU
		{870A875D-E66E-4D48-98FE-62E5C60876AF}.Release|Any CPU.Build.0 = Release|Any CPU
		{F9D052EB-2E08-46CF-A112-3AE18EAD0100}.Debug|Any CPU.ActiveCfg = Debug|Any CPU
		{F9D052EB-2E08-46CF-A112-3AE18EAD0100}.Debug|Any CPU.Build.0 = Debug|Any CPU
		{F9D052EB-2E08-46CF-A112-3AE18EAD0100}.Release|Any CPU.ActiveCfg = Release|Any CPU
		{F9D052EB-2E08-46CF-A112-3AE18EAD0100}.Release|Any CPU.Build.0 = Release|Any CPU
	EndGlobalSection
	GlobalSection(SolutionProperties) = preSolution
		HideSolutionNode = FALSE
	EndGlobalSection
	GlobalSection(ExtensibilityGlobals) = postSolution
		SolutionGuid = {F3C4C4C3-46FC-472F-B855-853C5B39EE3D}
	EndGlobalSection
EndGlobal
